
Microsoft Visual Studio Solution File, Format Version 12.00
# Visual Studio 15
VisualStudioVersion = 15.0.27004.2010
MinimumVisualStudioVersion = 10.0.40219.1
Project("{FAE04EC0-301F-11D3-BF4B-00C04F79EFBC}") = "MapperUsingExpressionTree", "mapper-expressiontree\MapperUsingExpressionTree.csproj", "{74503A2D-FE4B-4E8C-9B2E-5058EDA330AA}"
EndProject
Global
	GlobalSection(SolutionConfigurationPlatforms) = preSolution
		Debug|Any CPU = Debug|Any CPU
		Release|Any CPU = Release|Any CPU
	EndGlobalSection
	GlobalSection(ProjectConfigurationPlatforms) = postSolution
		{74503A2D-FE4B-4E8C-9B2E-5058EDA330AA}.Debug|Any CPU.ActiveCfg = Debug|Any CPU
		{74503A2D-FE4B-4E8C-9B2E-5058EDA330AA}.Debug|Any CPU.Build.0 = Debug|Any CPU
		{74503A2D-FE4B-4E8C-9B2E-5058EDA330AA}.Release|Any CPU.ActiveCfg = Release|Any CPU
		{74503A2D-FE4B-4E8C-9B2E-5058EDA330AA}.Release|Any CPU.Build.0 = Release|Any CPU
	EndGlobalSection
	GlobalSection(SolutionProperties) = preSolution
		HideSolutionNode = FALSE
	EndGlobalSection
	GlobalSection(ExtensibilityGlobals) = postSolution
		SolutionGuid = {0BFD9E8C-3265-4301-A7CC-FB9C445ACF3A}
	EndGlobalSection
EndGlobal
